# This file is automatically @generated by Cargo.
# It is not intended for manual editing.
version = 3

[[package]]
name = "million_admin_cli"
version = "0.1.0"

[[package]]
name = "million_admin_client"
version = "0.1.0"

[[package]]
name = "million_backend"
version = "0.1.0"

[[package]]
name = "million_client"
version = "0.1.0"

[[package]]
name = "million_crawler"
version = "0.1.0"
